// !$*UTF8*$!
{
	archiveVersion = 1;
	classes = {
	};
	objectVersion = 46;
	objects = {

/* Begin PBXBuildFile section */
		AC392DE71EF27CDE007875D0 /* KYTipView.m in Sources */ = {isa = PBXBuildFile; fileRef = AC392DE61EF27CDE007875D0 /* KYTipView.m */; };
		AC3B70D31EF165E200A0E96E /* main.m in Sources */ = {isa = PBXBuildFile; fileRef = AC3B70D21EF165E200A0E96E /* main.m */; };
		AC3B70D61EF165E200A0E96E /* AppDelegate.m in Sources */ = {isa = PBXBuildFile; fileRef = AC3B70D51EF165E200A0E96E /* AppDelegate.m */; };
		AC3B70DC1EF165E200A0E96E /* Main.storyboard in Resources */ = {isa = PBXBuildFile; fileRef = AC3B70DA1EF165E200A0E96E /* Main.storyboard */; };
		AC3B70DE1EF165E200A0E96E /* Assets.xcassets in Resources */ = {isa = PBXBuildFile; fileRef = AC3B70DD1EF165E200A0E96E /* Assets.xcassets */; };
		AC3B70E11EF165E200A0E96E /* LaunchScreen.storyboard in Resources */ = {isa = PBXBuildFile; fileRef = AC3B70DF1EF165E200A0E96E /* LaunchScreen.storyboard */; };
		AC3B70F11EF1669C00A0E96E /* KYTestTableViewController.m in Sources */ = {isa = PBXBuildFile; fileRef = AC3B70F01EF1669C00A0E96E /* KYTestTableViewController.m */; };
		AC3B71161EF167BE00A0E96E /* KYAxis.m in Sources */ = {isa = PBXBuildFile; fileRef = AC3B71091EF167BE00A0E96E /* KYAxis.m */; };
		AC3B71171EF167BE00A0E96E /* KYCurveRenderView.m in Sources */ = {isa = PBXBuildFile; fileRef = AC3B710C1EF167BE00A0E96E /* KYCurveRenderView.m */; };
		AC3B71181EF167BE00A0E96E /* KYCurveChartView.m in Sources */ = {isa = PBXBuildFile; fileRef = AC3B710F1EF167BE00A0E96E /* KYCurveChartView.m */; };
		AC3B71201EF167E800A0E96E /* KYPlot.m in Sources */ = {isa = PBXBuildFile; fileRef = AC3B711D1EF167E800A0E96E /* KYPlot.m */; };
		AC3B71211EF167E800A0E96E /* KYYAxisView.m in Sources */ = {isa = PBXBuildFile; fileRef = AC3B711F1EF167E800A0E96E /* KYYAxisView.m */; };
		AC3B71251EF1682600A0E96E /* KYLineFitter.m in Sources */ = {isa = PBXBuildFile; fileRef = AC3B71241EF1682600A0E96E /* KYLineFitter.m */; };
		AC3B71291EF16B3D00A0E96E /* KYTestCurveChartViewController.m in Sources */ = {isa = PBXBuildFile; fileRef = AC3B71271EF16B3D00A0E96E /* KYTestCurveChartViewController.m */; };
		AC3B712A1EF16B3D00A0E96E /* KYTestCurveChartViewController.xib in Resources */ = {isa = PBXBuildFile; fileRef = AC3B71281EF16B3D00A0E96E /* KYTestCurveChartViewController.xib */; };
		AC3B712D1EF1738B00A0E96E /* KYXAxisView.m in Sources */ = {isa = PBXBuildFile; fileRef = AC3B712C1EF1738B00A0E96E /* KYXAxisView.m */; };
/* End PBXBuildFile section */

/* Begin PBXFileReference section */
		AC0611111EF6359A00936934 /* KYAxis.h */ = {isa = PBXFileReference; fileEncoding = 4; lastKnownFileType = sourcecode.c.h; path = KYAxis.h; sourceTree = "<group>"; };
		AC0611121EF6359A00936934 /* KYCurveChartView.h */ = {isa = PBXFileReference; fileEncoding = 4; lastKnownFileType = sourcecode.c.h; path = KYCurveChartView.h; sourceTree = "<group>"; };
		AC0611131EF6359A00936934 /* KYPlot.h */ = {isa = PBXFileReference; fileEncoding = 4; lastKnownFileType = sourcecode.c.h; path = KYPlot.h; sourceTree = "<group>"; };
		AC0611531EF65FCB00936934 /* KYChart.h */ = {isa = PBXFileReference; lastKnownFileType = sourcecode.c.h; path = KYChart.h; sourceTree = "<group>"; };
		AC392DE51EF27CDE007875D0 /* KYTipView.h */ = {isa = PBXFileReference; fileEncoding = 4; lastKnownFileType = sourcecode.c.h; path = KYTipView.h; sourceTree = "<group>"; };
		AC392DE61EF27CDE007875D0 /* KYTipView.m */ = {isa = PBXFileReference; fileEncoding = 4; lastKnownFileType = sourcecode.c.objc; path = KYTipView.m; sourceTree = "<group>"; };
		AC3B70CE1EF165E200A0E96E /* KYChart.app */ = {isa = PBXFileReference; explicitFileType = wrapper.application; includeInIndex = 0; path = KYChart.app; sourceTree = BUILT_PRODUCTS_DIR; };
		AC3B70D21EF165E200A0E96E /* main.m */ = {isa = PBXFileReference; lastKnownFileType = sourcecode.c.objc; path = main.m; sourceTree = "<group>"; };
		AC3B70D41EF165E200A0E96E /* AppDelegate.h */ = {isa = PBXFileReference; lastKnownFileType = sourcecode.c.h; path = AppDelegate.h; sourceTree = "<group>"; };
		AC3B70D51EF165E200A0E96E /* AppDelegate.m */ = {isa = PBXFileReference; lastKnownFileType = sourcecode.c.objc; path = AppDelegate.m; sourceTree = "<group>"; };
		AC3B70DB1EF165E200A0E96E /* Base */ = {isa = PBXFileReference; lastKnownFileType = file.storyboard; name = Base; path = Base.lproj/Main.storyboard; sourceTree = "<group>"; };
		AC3B70DD1EF165E200A0E96E /* Assets.xcassets */ = {isa = PBXFileReference; lastKnownFileType = folder.assetcatalog; path = Assets.xcassets; sourceTree = "<group>"; };
		AC3B70E01EF165E200A0E96E /* Base */ = {isa = PBXFileReference; lastKnownFileType = file.storyboard; name = Base; path = Base.lproj/LaunchScreen.storyboard; sourceTree = "<group>"; };
		AC3B70E21EF165E200A0E96E /* Info.plist */ = {isa = PBXFileReference; lastKnownFileType = text.plist.xml; path = Info.plist; sourceTree = "<group>"; };
		AC3B70EF1EF1669C00A0E96E /* KYTestTableViewController.h */ = {isa = PBXFileReference; fileEncoding = 4; lastKnownFileType = sourcecode.c.h; path = KYTestTableViewController.h; sourceTree = "<group>"; };
		AC3B70F01EF1669C00A0E96E /* KYTestTableViewController.m */ = {isa = PBXFileReference; fileEncoding = 4; lastKnownFileType = sourcecode.c.objc; path = KYTestTableViewController.m; sourceTree = "<group>"; };
		AC3B71091EF167BE00A0E96E /* KYAxis.m */ = {isa = PBXFileReference; fileEncoding = 4; lastKnownFileType = sourcecode.c.objc; path = KYAxis.m; sourceTree = "<group>"; };
		AC3B710B1EF167BE00A0E96E /* KYCurveRenderView.h */ = {isa = PBXFileReference; fileEncoding = 4; lastKnownFileType = sourcecode.c.h; path = KYCurveRenderView.h; sourceTree = "<group>"; };
		AC3B710C1EF167BE00A0E96E /* KYCurveRenderView.m */ = {isa = PBXFileReference; fileEncoding = 4; lastKnownFileType = sourcecode.c.objc; path = KYCurveRenderView.m; sourceTree = "<group>"; };
		AC3B710F1EF167BE00A0E96E /* KYCurveChartView.m */ = {isa = PBXFileReference; fileEncoding = 4; lastKnownFileType = sourcecode.c.objc; path = KYCurveChartView.m; sourceTree = "<group>"; };
		AC3B711D1EF167E800A0E96E /* KYPlot.m */ = {isa = PBXFileReference; fileEncoding = 4; lastKnownFileType = sourcecode.c.objc; path = KYPlot.m; sourceTree = "<group>"; };
		AC3B711E1EF167E800A0E96E /* KYYAxisView.h */ = {isa = PBXFileReference; fileEncoding = 4; lastKnownFileType = sourcecode.c.h; path = KYYAxisView.h; sourceTree = "<group>"; };
		AC3B711F1EF167E800A0E96E /* KYYAxisView.m */ = {isa = PBXFileReference; fileEncoding = 4; lastKnownFileType = sourcecode.c.objc; path = KYYAxisView.m; sourceTree = "<group>"; };
		AC3B71221EF1682600A0E96E /* KYChartDefine.h */ = {isa = PBXFileReference; fileEncoding = 4; lastKnownFileType = sourcecode.c.h; path = KYChartDefine.h; sourceTree = "<group>"; };
		AC3B71231EF1682600A0E96E /* KYLineFitter.h */ = {isa = PBXFileReference; fileEncoding = 4; lastKnownFileType = sourcecode.c.h; path = KYLineFitter.h; sourceTree = "<group>"; };
		AC3B71241EF1682600A0E96E /* KYLineFitter.m */ = {isa = PBXFileReference; fileEncoding = 4; lastKnownFileType = sourcecode.c.objc; path = KYLineFitter.m; sourceTree = "<group>"; };
		AC3B71261EF16B3D00A0E96E /* KYTestCurveChartViewController.h */ = {isa = PBXFileReference; fileEncoding = 4; lastKnownFileType = sourcecode.c.h; path = KYTestCurveChartViewController.h; sourceTree = "<group>"; };
		AC3B71271EF16B3D00A0E96E /* KYTestCurveChartViewController.m */ = {isa = PBXFileReference; fileEncoding = 4; lastKnownFileType = sourcecode.c.objc; path = KYTestCurveChartViewController.m; sourceTree = "<group>"; };
		AC3B71281EF16B3D00A0E96E /* KYTestCurveChartViewController.xib */ = {isa = PBXFileReference; fileEncoding = 4; lastKnownFileType = file.xib; path = KYTestCurveChartViewController.xib; sourceTree = "<group>"; };
		AC3B712B1EF1738B00A0E96E /* KYXAxisView.h */ = {isa = PBXFileReference; fileEncoding = 4; lastKnownFileType = sourcecode.c.h; path = KYXAxisView.h; sourceTree = "<group>"; };
		AC3B712C1EF1738B00A0E96E /* KYXAxisView.m */ = {isa = PBXFileReference; fileEncoding = 4; lastKnownFileType = sourcecode.c.objc; path = KYXAxisView.m; sourceTree = "<group>"; };
/* End PBXFileReference section */

/* Begin PBXFrameworksBuildPhase section */
		AC3B70CB1EF165E200A0E96E /* Frameworks */ = {
			isa = PBXFrameworksBuildPhase;
			buildActionMask = 2147483647;
			files = (
			);
			runOnlyForDeploymentPostprocessing = 0;
		};
/* End PBXFrameworksBuildPhase section */

/* Begin PBXGroup section */
		AC0611101EF6359A00936934 /* PublicInclude */ = {
			isa = PBXGroup;
			children = (
				AC0611111EF6359A00936934 /* KYAxis.h */,
				AC0611121EF6359A00936934 /* KYCurveChartView.h */,
				AC0611131EF6359A00936934 /* KYPlot.h */,
				AC0611531EF65FCB00936934 /* KYChart.h */,
			);
			path = PublicInclude;
			sourceTree = "<group>";
		};
		AC3B70C51EF165E200A0E96E = {
			isa = PBXGroup;
			children = (
				AC3B70D01EF165E200A0E96E /* KYChart */,
				AC3B70CF1EF165E200A0E96E /* Products */,
			);
			sourceTree = "<group>";
		};
		AC3B70CF1EF165E200A0E96E /* Products */ = {
			isa = PBXGroup;
			children = (
				AC3B70CE1EF165E200A0E96E /* KYChart.app */,
			);
			name = Products;
			sourceTree = "<group>";
		};
		AC3B70D01EF165E200A0E96E /* KYChart */ = {
			isa = PBXGroup;
			children = (
				AC3B71061EF167BE00A0E96E /* SourceCode */,
				AC3B70EE1EF1669C00A0E96E /* Test */,
				AC3B70D41EF165E200A0E96E /* AppDelegate.h */,
				AC3B70D51EF165E200A0E96E /* AppDelegate.m */,
				AC3B70DA1EF165E200A0E96E /* Main.storyboard */,
				AC3B70DD1EF165E200A0E96E /* Assets.xcassets */,
				AC3B70DF1EF165E200A0E96E /* LaunchScreen.storyboard */,
				AC3B70E21EF165E200A0E96E /* Info.plist */,
				AC3B70D11EF165E200A0E96E /* Supporting Files */,
			);
			path = KYChart;
			sourceTree = "<group>";
		};
		AC3B70D11EF165E200A0E96E /* Supporting Files */ = {
			isa = PBXGroup;
			children = (
				AC3B70D21EF165E200A0E96E /* main.m */,
			);
			name = "Supporting Files";
			sourceTree = "<group>";
		};
		AC3B70EE1EF1669C00A0E96E /* Test */ = {
			isa = PBXGroup;
			children = (
				AC3B70EF1EF1669C00A0E96E /* KYTestTableViewController.h */,
				AC3B70F01EF1669C00A0E96E /* KYTestTableViewController.m */,
				AC3B71261EF16B3D00A0E96E /* KYTestCurveChartViewController.h */,
				AC3B71271EF16B3D00A0E96E /* KYTestCurveChartViewController.m */,
				AC3B71281EF16B3D00A0E96E /* KYTestCurveChartViewController.xib */,
			);
			path = Test;
			sourceTree = "<group>";
		};
		AC3B71061EF167BE00A0E96E /* SourceCode */ = {
			isa = PBXGroup;
			children = (
				AC0611101EF6359A00936934 /* PublicInclude */,
				AC3B71071EF167BE00A0E96E /* Common */,
				AC3B710A1EF167BE00A0E96E /* CurveChart */,
			);
			path = SourceCode;
			sourceTree = "<group>";
		};
		AC3B71071EF167BE00A0E96E /* Common */ = {
			isa = PBXGroup;
			children = (
				AC3B71221EF1682600A0E96E /* KYChartDefine.h */,
				AC3B71231EF1682600A0E96E /* KYLineFitter.h */,
				AC3B71241EF1682600A0E96E /* KYLineFitter.m */,
				AC3B711D1EF167E800A0E96E /* KYPlot.m */,
				AC3B71091EF167BE00A0E96E /* KYAxis.m */,
				AC3B712B1EF1738B00A0E96E /* KYXAxisView.h */,
				AC3B712C1EF1738B00A0E96E /* KYXAxisView.m */,
				AC3B711E1EF167E800A0E96E /* KYYAxisView.h */,
				AC3B711F1EF167E800A0E96E /* KYYAxisView.m */,
				AC392DE51EF27CDE007875D0 /* KYTipView.h */,
				AC392DE61EF27CDE007875D0 /* KYTipView.m */,
			);
			path = Common;
			sourceTree = "<group>";
		};
		AC3B710A1EF167BE00A0E96E /* CurveChart */ = {
			isa = PBXGroup;
			children = (
				AC3B710B1EF167BE00A0E96E /* KYCurveRenderView.h */,
				AC3B710C1EF167BE00A0E96E /* KYCurveRenderView.m */,
				AC3B710F1EF167BE00A0E96E /* KYCurveChartView.m */,
			);
			path = CurveChart;
			sourceTree = "<group>";
		};
/* End PBXGroup section */

/* Begin PBXNativeTarget section */
		AC3B70CD1EF165E200A0E96E /* KYChart */ = {
			isa = PBXNativeTarget;
			buildConfigurationList = AC3B70E51EF165E200A0E96E /* Build configuration list for PBXNativeTarget "KYChart" */;
			buildPhases = (
				AC3B70CA1EF165E200A0E96E /* Sources */,
				AC3B70CB1EF165E200A0E96E /* Frameworks */,
				AC3B70CC1EF165E200A0E96E /* Resources */,
			);
			buildRules = (
			);
			dependencies = (
			);
			name = KYChart;
			productName = KYChart;
			productReference = AC3B70CE1EF165E200A0E96E /* KYChart.app */;
			productType = "com.apple.product-type.application";
		};
/* End PBXNativeTarget section */

/* Begin PBXProject section */
		AC3B70C61EF165E200A0E96E /* Project object */ = {
			isa = PBXProject;
			attributes = {
				LastUpgradeCheck = 0800;
				ORGANIZATIONNAME = kangyi;
				TargetAttributes = {
					AC3B70CD1EF165E200A0E96E = {
						CreatedOnToolsVersion = 8.0;
						ProvisioningStyle = Automatic;
					};
				};
			};
			buildConfigurationList = AC3B70C91EF165E200A0E96E /* Build configuration list for PBXProject "KYChart" */;
			compatibilityVersion = "Xcode 3.2";
			developmentRegion = English;
			hasScannedForEncodings = 0;
			knownRegions = (
				en,
				Base,
			);
			mainGroup = AC3B70C51EF165E200A0E96E;
			productRefGroup = AC3B70CF1EF165E200A0E96E /* Products */;
			projectDirPath = "";
			projectRoot = "";
			targets = (
				AC3B70CD1EF165E200A0E96E /* KYChart */,
			);
		};
/* End PBXProject section */

/* Begin PBXResourcesBuildPhase section */
		AC3B70CC1EF165E200A0E96E /* Resources */ = {
			isa = PBXResourcesBuildPhase;
			buildActionMask = 2147483647;
			files = (
				AC3B70E11EF165E200A0E96E /* LaunchScreen.storyboard in Resources */,
				AC3B712A1EF16B3D00A0E96E /* KYTestCurveChartViewController.xib in Resources */,
				AC3B70DE1EF165E200A0E96E /* Assets.xcassets in Resources */,
				AC3B70DC1EF165E200A0E96E /* Main.storyboard in Resources */,
			);
			runOnlyForDeploymentPostprocessing = 0;
		};
/* End PBXResourcesBuildPhase section */

/* Begin PBXSourcesBuildPhase section */
		AC3B70CA1EF165E200A0E96E /* Sources */ = {
			isa = PBXSourcesBuildPhase;
			buildActionMask = 2147483647;
			files = (
				AC3B71201EF167E800A0E96E /* KYPlot.m in Sources */,
				AC3B71161EF167BE00A0E96E /* KYAxis.m in Sources */,
				AC3B71291EF16B3D00A0E96E /* KYTestCurveChartViewController.m in Sources */,
				AC3B712D1EF1738B00A0E96E /* KYXAxisView.m in Sources */,
				AC3B71181EF167BE00A0E96E /* KYCurveChartView.m in Sources */,
				AC3B70F11EF1669C00A0E96E /* KYTestTableViewController.m in Sources */,
				AC3B71251EF1682600A0E96E /* KYLineFitter.m in Sources */,
				AC3B70D61EF165E200A0E96E /* AppDelegate.m in Sources */,
				AC3B71211EF167E800A0E96E /* KYYAxisView.m in Sources */,
				AC3B70D31EF165E200A0E96E /* main.m in Sources */,
				AC392DE71EF27CDE007875D0 /* KYTipView.m in Sources */,
				AC3B71171EF167BE00A0E96E /* KYCurveRenderView.m in Sources */,
			);
			runOnlyForDeploymentPostprocessing = 0;
		};
/* End PBXSourcesBuildPhase section */

/* Begin PBXVariantGroup section */
		AC3B70DA1EF165E200A0E96E /* Main.storyboard */ = {
			isa = PBXVariantGroup;
			children = (
				AC3B70DB1EF165E200A0E96E /* Base */,
			);
			name = Main.storyboard;
			sourceTree = "<group>";
		};
		AC3B70DF1EF165E200A0E96E /* LaunchScreen.storyboard */ = {
			isa = PBXVariantGroup;
			children = (
				AC3B70E01EF165E200A0E96E /* Base */,
			);
			name = LaunchScreen.storyboard;
			sourceTree = "<group>";
		};
/* End PBXVariantGroup section */

/* Begin XCBuildConfiguration section */
		AC3B70E31EF165E200A0E96E /* Debug */ = {
			isa = XCBuildConfiguration;
			buildSettings = {
				ALWAYS_SEARCH_USER_PATHS = NO;
				CLANG_ANALYZER_NONNULL = YES;
				CLANG_CXX_LANGUAGE_STANDARD = "gnu++0x";
				CLANG_CXX_LIBRARY = "libc++";
				CLANG_ENABLE_MODULES = YES;
				CLANG_ENABLE_OBJC_ARC = YES;
				CLANG_WARN_BOOL_CONVERSION = YES;
				CLANG_WARN_CONSTANT_CONVERSION = YES;
				CLANG_WARN_DIRECT_OBJC_ISA_USAGE = YES_ERROR;
				CLANG_WARN_DOCUMENTATION_COMMENTS = YES;
				CLANG_WARN_EMPTY_BODY = YES;
				CLANG_WARN_ENUM_CONVERSION = YES;
				CLANG_WARN_INFINITE_RECURSION = YES;
				CLANG_WARN_INT_CONVERSION = YES;
				CLANG_WARN_OBJC_ROOT_CLASS = YES_ERROR;
				CLANG_WARN_SUSPICIOUS_MOVES = YES;
				CLANG_WARN_UNREACHABLE_CODE = YES;
				CLANG_WARN__DUPLICATE_METHOD_MATCH = YES;
				"CODE_SIGN_IDENTITY[sdk=iphoneos*]" = "iPhone Developer";
				COPY_PHASE_STRIP = NO;
				DEBUG_INFORMATION_FORMAT = dwarf;
				ENABLE_STRICT_OBJC_MSGSEND = YES;
				ENABLE_TESTABILITY = YES;
				GCC_C_LANGUAGE_STANDARD = gnu99;
				GCC_DYNAMIC_NO_PIC = NO;
				GCC_NO_COMMON_BLOCKS = YES;
				GCC_OPTIMIZATION_LEVEL = 0;
				GCC_PREPROCESSOR_DEFINITIONS = (
					"DEBUG=1",
					"$(inherited)",
				);
				GCC_WARN_64_TO_32_BIT_CONVERSION = YES;
				GCC_WARN_ABOUT_RETURN_TYPE = YES_ERROR;
				GCC_WARN_UNDECLARED_SELECTOR = YES;
				GCC_WARN_UNINITIALIZED_AUTOS = YES_AGGRESSIVE;
				GCC_WARN_UNUSED_FUNCTION = YES;
				GCC_WARN_UNUSED_VARIABLE = YES;
				IPHONEOS_DEPLOYMENT_TARGET = 8.0;
				MTL_ENABLE_DEBUG_INFO = YES;
				ONLY_ACTIVE_ARCH = YES;
				SDKROOT = iphoneos;
			};
			name = Debug;
		};
		AC3B70E41EF165E200A0E96E /* Release */ = {
			isa = XCBuildConfiguration;
			buildSettings = {
				ALWAYS_SEARCH_USER_PATHS = NO;
				CLANG_ANALYZER_NONNULL = YES;
				CLANG_CXX_LANGUAGE_STANDARD = "gnu++0x";
				CLANG_CXX_LIBRARY = "libc++";
				CLANG_ENABLE_MODULES = YES;
				CLANG_ENABLE_OBJC_ARC = YES;
				CLANG_WARN_BOOL_CONVERSION = YES;
				CLANG_WARN_CONSTANT_CONVERSION = YES;
				CLANG_WARN_DIRECT_OBJC_ISA_USAGE = YES_ERROR;
				CLANG_WARN_DOCUMENTATION_COMMENTS = YES;
				CLANG_WARN_EMPTY_BODY = YES;
				CLANG_WARN_ENUM_CONVERSION = YES;
				CLANG_WARN_INFINITE_RECURSION = YES;
				CLANG_WARN_INT_CONVERSION = YES;
				CLANG_WARN_OBJC_ROOT_CLASS = YES_ERROR;
				CLANG_WARN_SUSPICIOUS_MOVES = YES;
				CLANG_WARN_UNREACHABLE_CODE = YES;
				CLANG_WARN__DUPLICATE_METHOD_MATCH = YES;
				"CODE_SIGN_IDENTITY[sdk=iphoneos*]" = "iPhone Developer";
				COPY_PHASE_STRIP = NO;
				DEBUG_INFORMATION_FORMAT = "dwarf-with-dsym";
				ENABLE_NS_ASSERTIONS = NO;
				ENABLE_STRICT_OBJC_MSGSEND = YES;
				GCC_C_LANGUAGE_STANDARD = gnu99;
				GCC_NO_COMMON_BLOCKS = YES;
				GCC_WARN_64_TO_32_BIT_CONVERSION = YES;
				GCC_WARN_ABOUT_RETURN_TYPE = YES_ERROR;
				GCC_WARN_UNDECLARED_SELECTOR = YES;
				GCC_WARN_UNINITIALIZED_AUTOS = YES_AGGRESSIVE;
				GCC_WARN_UNUSED_FUNCTION = YES;
				GCC_WARN_UNUSED_VARIABLE = YES;
				IPHONEOS_DEPLOYMENT_TARGET = 8.0;
				MTL_ENABLE_DEBUG_INFO = NO;
				SDKROOT = iphoneos;
				VALIDATE_PRODUCT = YES;
			};
			name = Release;
		};
		AC3B70E61EF165E200A0E96E /* Debug */ = {
			isa = XCBuildConfiguration;
			buildSettings = {
				ASSETCATALOG_COMPILER_APPICON_NAME = AppIcon;
				INFOPLIST_FILE = KYChart/Info.plist;
				IPHONEOS_DEPLOYMENT_TARGET = 8.0;
				LD_RUNPATH_SEARCH_PATHS = "$(inherited) @executable_path/Frameworks";
				PRODUCT_BUNDLE_IDENTIFIER = com.kangyi.KYChart;
				PRODUCT_NAME = "$(TARGET_NAME)";
			};
			name = Debug;
		};
		AC3B70E71EF165E200A0E96E /* Release */ = {
			isa = XCBuildConfiguration;
			buildSettings = {
				ASSETCATALOG_COMPILER_APPICON_NAME = AppIcon;
				INFOPLIST_FILE = KYChart/Info.plist;
				IPHONEOS_DEPLOYMENT_TARGET = 8.0;
				LD_RUNPATH_SEARCH_PATHS = "$(inherited) @executable_path/Frameworks";
				PRODUCT_BUNDLE_IDENTIFIER = com.kangyi.KYChart;
				PRODUCT_NAME = "$(TARGET_NAME)";
			};
			name = Release;
		};
/* End XCBuildConfiguration section */

/* Begin XCConfigurationList section */
		AC3B70C91EF165E200A0E96E /* Build configuration list for PBXProject "KYChart" */ = {
			isa = XCConfigurationList;
			buildConfigurations = (
				AC3B70E31EF165E200A0E96E /* Debug */,
				AC3B70E41EF165E200A0E96E /* Release */,
			);
			defaultConfigurationIsVisible = 0;
			defaultConfigurationName = Release;
		};
		AC3B70E51EF165E200A0E96E /* Build configuration list for PBXNativeTarget "KYChart" */ = {
			isa = XCConfigurationList;
			buildConfigurations = (
				AC3B70E61EF165E200A0E96E /* Debug */,
				AC3B70E71EF165E200A0E96E /* Release */,
			);
			defaultConfigurationIsVisible = 0;
			defaultConfigurationName = Release;
		};
/* End XCConfigurationList section */
	};
	rootObject = AC3B70C61EF165E200A0E96E /* Project object */;
}
